{
    "_readme": [
        "This file locks the dependencies of your project to a known state",
        "Read more about it at http://getcomposer.org/doc/01-basic-usage.md#composer-lock-the-lock-file",
        "This file is @generated automatically"
    ],
    "hash": "50a23d3ee5246ac086b33eb7e9e313d9",
    "packages": [
        {
            "name": "amphp/amp",
            "version": "v0.13.0",
            "source": {
                "type": "git",
                "url": "https://github.com/amphp/amp.git",
                "reference": "5c46db0c41bcf6a7b5ad74f2150610acb1e286fc"
            },
            "dist": {
                "type": "zip",
                "url": "https://api.github.com/repos/amphp/amp/zipball/5c46db0c41bcf6a7b5ad74f2150610acb1e286fc",
                "reference": "5c46db0c41bcf6a7b5ad74f2150610acb1e286fc",
                "shasum": ""
            },
            "require": {
                "php": ">=5.4.0"
            },
            "type": "library",
            "extra": {
                "branch-alias": {
                    "dev-master": "1.0.x-dev"
                }
            },
            "autoload": {
                "psr-4": {
                    "Amp\\": "lib/"
                },
                "files": [
                    "lib/functions.php"
                ]
            },
            "notification-url": "https://packagist.org/downloads/",
            "license": [
                "MIT"
            ],
            "authors": [
                {
                    "name": "Daniel Lowrey",
                    "email": "rdlowrey@php.net",
                    "role": "Creator / Lead Developer"
                }
            ],
            "description": "A non-blocking concurrency framework for PHP applications",
            "homepage": "https://github.com/amphp/amp",
            "keywords": [
                "async",
                "concurrency",
                "future",
                "libevent",
                "libuv",
                "non-blocking",
                "promise"
            ],
            "time": "2014-11-05 16:57:59"
        },
        {
            "name": "amphp/artax",
            "version": "v1.0.0-rc5",
            "source": {
                "type": "git",
                "url": "https://github.com/amphp/artax.git",
                "reference": "84dff80fea3cda3ca34a9e732c56952324ae68f6"
            },
            "dist": {
                "type": "zip",
                "url": "https://api.github.com/repos/amphp/artax/zipball/84dff80fea3cda3ca34a9e732c56952324ae68f6",
                "reference": "84dff80fea3cda3ca34a9e732c56952324ae68f6",
                "shasum": ""
            },
            "require": {
                "amphp/amp": "~0.12",
                "php": ">=5.4.0",
                "rdlowrey/nbsock": "~0.4"
            },
            "type": "library",
            "extra": {
                "branch-alias": {
                    "dev-master": "1.0.x-dev"
                }
            },
            "autoload": {
                "psr-4": {
                    "Amp\\Artax\\": "lib/"
                }
            },
            "notification-url": "https://packagist.org/downloads/",
            "license": [
                "MIT"
            ],
            "authors": [
                {
                    "name": "Daniel Lowrey",
                    "email": "rdlowrey@gmail.com",
                    "role": "Creator / Lead Developer"
                }
            ],
            "description": "Asynchronous parallel HTTP/1.1 client built on the Amp concurrency framework",
            "homepage": "https://github.com/amphp/artax",
            "keywords": [
                "async",
                "client",
                "http",
                "non-blocking",
                "parallel",
                "rest"
            ],
            "time": "2014-10-28 15:33:30"
        },
        {
            "name": "amphp/dns",
            "version": "v0.3.4",
            "source": {
                "type": "git",
                "url": "https://github.com/amphp/dns.git",
                "reference": "e58d46d3c565db24c17428bf42a75d55fedd7bc6"
            },
            "dist": {
                "type": "zip",
                "url": "https://api.github.com/repos/amphp/dns/zipball/e58d46d3c565db24c17428bf42a75d55fedd7bc6",
                "reference": "e58d46d3c565db24c17428bf42a75d55fedd7bc6",
                "shasum": ""
            },
            "require": {
                "amphp/amp": "~0.12",
                "daverandom/libdns": "~0.2",
                "php": ">=5.4.0"
            },
            "require-dev": {
                "mockery/mockery": ">=0.9.1",
                "phpunit/phpunit": "~4.1.0",
                "predis/predis": "~0.8.6",
                "rdlowrey/auryn": ">=0.13.0"
            },
            "type": "library",
            "autoload": {
                "psr-4": {
                    "Amp\\Dns\\": "lib"
                }
            },
            "notification-url": "https://packagist.org/downloads/",
            "license": [
                "MIT"
            ],
            "authors": [
                {
                    "name": "Chris Wright",
                    "email": "addr@daverandom.com",
                    "role": "Creator / Lead Developer"
                }
            ],
            "description": "Asynchronous DNS resolution built on the Amp concurrency framework",
            "homepage": "https://github.com/amphp/dns",
            "keywords": [
                "amp",
                "async",
                "client",
                "dns",
                "resolve"
            ],
            "time": "2014-11-04 04:49:19"
        },
        {
            "name": "danack/auryn",
            "version": "0.14.2",
            "source": {
                "type": "git",
                "url": "https://github.com/Danack/Auryn.git",
                "reference": "2471c19ecf3f9d4e2a2dfc949430fc290d67270b"
            },
            "dist": {
                "type": "zip",
                "url": "https://api.github.com/repos/Danack/Auryn/zipball/2471c19ecf3f9d4e2a2dfc949430fc290d67270b",
                "reference": "2471c19ecf3f9d4e2a2dfc949430fc290d67270b",
                "shasum": ""
            },
            "require": {
                "php": ">=5.3.0"
            },
            "replace": {
                "rdlowrey/auryn": "self.version"
            },
            "require-dev": {
                "phpunit/phpunit": "4.0.*"
            },
            "type": "library",
            "autoload": {
                "psr-4": {
                    "Auryn\\": "lib/"
                }
            },
            "license": [
                "MIT"
            ],
            "authors": [
                {
                    "name": "Daniel Lowrey",
                    "email": "rdlowrey@gmail.com",
                    "role": "Creator / Main Developer"
                },
                {
                    "name": "Levi Morrison",
                    "email": "levim@php.net",
                    "homepage": "http://morrisonlevi.github.com/",
                    "role": "Developer"
                },
                {
                    "name": "Dan Ackroyd",
                    "email": "Danack@basereality.com",
                    "homepage": "http://www.basereality.com",
                    "role": "Developer"
                }
            ],
            "description": "Auryn is a dependency injector for bootstrapping object-oriented PHP applications.",
            "homepage": "https://github.com/rdlowrey/Auryn",
            "keywords": [
                "dependency injection",
                "dic",
                "ioc"
            ],
            "support": {
                "source": "https://github.com/Danack/Auryn/tree/0.14.2",
                "issues": "https://github.com/Danack/Auryn/issues"
            },
            "time": "2014-10-11 00:30:55"
        },
        {
            "name": "danack/danack-code",
            "version": "2.4.5",
            "dist": {
                "type": "zip",
                "url": "http://satis.basereality.com/packages/Danack/DanackCode/Danack_DanackCode_2.4.5.zip",
                "reference": null,
                "shasum": "8b55bb4cc95f966989b2a799c468e762d7ae60e9"
            },
            "require": {
                "php": ">=5.3.23"
            },
            "type": "library",
            "autoload": {
                "psr-0": {
                    "Danack\\Code\\": ""
                }
            },
            "license": [
                "BSD-3-Clause"
            ],
            "description": "provides facilities to generate arbitrary code using an object oriented interface",
            "keywords": [
                "code",
                "zf2"
            ]
        },
        {
            "name": "danack/jig",
            "version": "0.9.2",
            "dist": {
                "type": "zip",
                "url": "http://satis.basereality.com/packages/Danack/Jig/Danack_Jig_0.9.2.zip",
                "reference": null,
                "shasum": "2b7624da3e8e5be7c9abee9c010ca4d71219956b"
            },
            "require": {
                "nikic/php-parser": "v0.9.3",
                "rdlowrey/auryn": "~0.14.0"
            },
            "require-dev": {
                "mockery/mockery": "0.9.1",
                "nikic/fast-route": "~0.2.0",
                "phpunit/phpunit": "3.7.*"
            },
            "type": "library",
            "autoload": {
                "psr-0": {
                    "Jig": "src/"
                }
            },
            "license": [
                "MIT"
            ],
            "authors": [
                {
                    "name": "Dan Ackroyd",
                    "email": "Danack@basereality.com",
                    "homepage": "http://www.basereality.com"
                }
            ],
            "description": "Lightweight, fast, flexible PHP templating system. Just like all the others.",
            "keywords": [
                "core",
                "intahwebz",
                "library"
            ]
        },
        {
            "name": "danack/syntaxhighlighter",
            "version": "3.1.0",
            "source": {
                "type": "git",
                "url": "https://github.com/Danack/syntaxhighlighter.git",
                "reference": "d63e1cc45c33c1a59269c6aed925419f7c343826"
            },
            "dist": {
                "type": "zip",
                "url": "https://api.github.com/repos/Danack/syntaxhighlighter/zipball/d63e1cc45c33c1a59269c6aed925419f7c343826",
                "reference": "d63e1cc45c33c1a59269c6aed925419f7c343826",
                "shasum": ""
            },
            "require-dev": {
                "leafo/lessphp": "0.4.0",
                "leafo/scssphp": "0.1.1",
                "phpunit/phpunit": "4.1.3"
            },
            "type": "library",
            "notification-url": "https://packagist.org/downloads/",
            "description": "The syntaxhighlighter made less crazy..",
            "time": "2014-11-09 14:09:46"
        },
        {
            "name": "daverandom/libdns",
            "version": "0.2.1",
            "dist": {
                "type": "zip",
                "url": "http://satis.basereality.com/packages/DaveRandom/LibDNS/DaveRandom_LibDNS_v0.2.1.zip",
                "reference": null,
                "shasum": "0b1a9075f29c11ce7f00169e598d4a1cc944a137"
            },
            "require": {
                "php": ">=5.4.0"
            },
            "type": "library",
            "autoload": {
                "psr-0": {
                    "LibDNS": "src"
                }
            },
            "license": [
                "MIT"
            ],
            "description": "DNS protocol implementation written in pure PHP",
            "keywords": [
                "dns"
            ],
            "support": {
                "issues": "https://github.com/DaveRandom/LibDNS/issues"
            }
        },
        {
            "name": "fluentdom/fluentdom",
            "version": "v4.1.1",
            "dist": {
                "type": "zip",
                "url": "http://satis.basereality.com/packages/FluentDOM/FluentDOM/FluentDOM_FluentDOM_v4.1.1.zip",
                "reference": "FluentDOM_FluentDOM_v4.1.1.zip",
                "shasum": "7028c8a4ebc26fe46c9eeac3931001b3740e3da3"
            },
            "require": {
                "php": ">=5.2.0"
            },
            "type": "library",
            "autoload": {
                "files": [
                    "src/FluentDOM.php"
                ]
            },
            "license": [
                "MIT"
            ],
            "authors": [
                {
                    "name": "FluentDOM Contributors",
                    "homepage": "https://github.com/FluentDOM/FluentDOM/contributors"
                }
            ],
            "description": "A fluent api for the php dom extension.",
            "homepage": "http://fluentdom.org",
            "keywords": [
                "dom",
                "jquery",
                "xml"
            ]
        },
        {
            "name": "intahwebz/configurator",
            "version": "0.1.1",
            "dist": {
                "type": "zip",
                "url": "http://satis.basereality.com/packages/Danack/Configurator/Danack_Configurator_0.1.1.zip",
                "reference": "Danack_Configurator_0.1.1.zip",
                "shasum": "5ffc6adf6ff3356af79677320a2e153a4a9f2b37"
            },
            "type": "library",
            "autoload": {
                "psr-0": {
                    "Intahwebz\\Configurator": "src/"
                }
            },
            "license": [
                "MIT"
            ],
            "authors": [
                {
                    "name": "Dan Ackroyd",
                    "email": "Danack@basereality.com",
                    "homepage": "http://www.basereality.com"
                }
            ],
            "description": "Generates config files from PHP based templates and PHP style config files..",
            "keywords": [
                "UTF-8",
                "config",
                "php",
                "tool"
            ]
        },
        {
            "name": "intahwebz/core",
            "version": "dev-master",
            "source": {
                "type": "git",
                "url": "https://github.com/Danack/intahwebz-core.git",
                "reference": "89734bfeb1eb48a057e154d54da0e3214b7c8243"
            },
            "dist": {
                "type": "zip",
                "url": "https://api.github.com/repos/Danack/intahwebz-core/zipball/89734bfeb1eb48a057e154d54da0e3214b7c8243",
                "reference": "89734bfeb1eb48a057e154d54da0e3214b7c8243",
                "shasum": ""
            },
            "require": {
                "psr/log": "~1.0"
            },
            "type": "library",
            "autoload": {
                "psr-0": {
                    "Intahwebz": "src/"
                }
            },
            "notification-url": "https://packagist.org/downloads/",
            "license": [
                "MIT"
            ],
            "authors": [
                {
                    "name": "Dan Ackroyd",
                    "email": "Danack@basereality.com",
                    "homepage": "http://www.basereality.com",
                    "role": "Developer"
                }
            ],
            "description": "Core library that defines common interfaces used by the rest of the intahwebz..",
            "keywords": [
                "core",
                "intahwebz",
                "library"
            ],
            "time": "2014-06-08 21:02:03"
        },
        {
            "name": "intahwebz/mb_extra",
            "version": "dev-master",
            "source": {
                "type": "git",
                "url": "https://github.com/Danack/mb_extra.git",
                "reference": "4a8d7792c8cc1f9bbfd4d90b717f6352e50fbf28"
            },
            "dist": {
                "type": "zip",
                "url": "https://api.github.com/repos/Danack/mb_extra/zipball/4a8d7792c8cc1f9bbfd4d90b717f6352e50fbf28",
                "reference": "4a8d7792c8cc1f9bbfd4d90b717f6352e50fbf28",
                "shasum": ""
            },
            "require-dev": {
                "phpunit/phpunit": "~3.7"
            },
            "type": "library",
            "autoload": {
                "psr-0": {
                    "Intahwebz": "src/"
                }
            },
            "notification-url": "https://packagist.org/downloads/",
            "license": [
                "MIT"
            ],
            "authors": [
                {
                    "name": "Dan Ackroyd",
                    "email": "Danack@basereality.com",
                    "homepage": "http://www.basereality.com",
                    "role": "Developer"
                }
            ],
            "description": "A collection of PHP multi-byte string functions that are not present in the mb_string extension.",
            "keywords": [
                "mb_string",
                "php",
                "utf-8",
                "utf8"
            ],
            "time": "2013-10-11 20:18:32"
        },
        {
            "name": "intahwebz/routing",
            "version": "dev-master",
            "source": {
                "type": "git",
                "url": "https://github.com/Danack/intahwebz-routing.git",
                "reference": "046d3a3853bf6f59c1c13099069af6f799fe88f1"
            },
            "dist": {
                "type": "zip",
                "url": "https://api.github.com/repos/Danack/intahwebz-routing/zipball/046d3a3853bf6f59c1c13099069af6f799fe88f1",
                "reference": "046d3a3853bf6f59c1c13099069af6f799fe88f1",
                "shasum": ""
            },
            "require": {
                "intahwebz/core": ">=0.2.4",
                "intahwebz/mb_extra": "*"
            },
            "require-dev": {
                "intahwebz/jig": "dev-master",
                "phpunit/phpunit": "3.7.*",
                "rdlowrey/auryn": "dev-PluginExperiment2",
                "zendframework/zend-permissions-acl": ">=2.1.0"
            },
            "type": "library",
            "autoload": {
                "psr-0": {
                    "Intahwebz": "src/"
                }
            },
            "notification-url": "https://packagist.org/downloads/",
            "time": "2014-07-01 16:31:52"
        },
        {
            "name": "intahwebz/weaver",
            "version": "0.4.5",
            "source": {
                "type": "git",
                "url": "https://github.com/Danack/Weaver.git",
                "reference": "414894cd397daff22d2c71e4988784a1f71b702e"
            },
            "dist": {
                "type": "zip",
                "url": "https://api.github.com/repos/Danack/Weaver/zipball/414894cd397daff22d2c71e4988784a1f71b702e",
                "reference": "414894cd397daff22d2c71e4988784a1f71b702e",
                "shasum": ""
            },
            "require": {
                "danack/danack-code": "~2.4.2",
                "intahwebz/core": ">=0.2.4",
                "php": ">=5.4.0"
            },
            "require-dev": {
                "danack/auryn": "~0.14",
                "mikey179/vfsstream": "v1.2.0",
                "mockery/mockery": "0.9.1",
                "monolog/monolog": "1.4.0",
                "phpunit/phpunit": "4.1.3",
                "whatthejeff/nyancat-phpunit-resultprinter": "~1.2"
            },
            "type": "library",
            "autoload": {
                "psr-0": {
                    "Weaver": "src"
                }
            },
            "notification-url": "https://packagist.org/downloads/",
            "license": [
                "MIT"
            ],
            "authors": [
                {
                    "name": "Dan Ackroyd",
                    "email": "Danack@basereality.com",
                    "role": "Creator / Main Developer / Cake baker"
                }
            ],
            "description": "An experiment in compositional programming.",
            "homepage": "https://github.com/danack/Weaver",
            "keywords": [
                "aop",
                "code generation",
                "composition",
                "lazyloader",
                "weaving"
            ],
            "time": "2014-11-06 17:55:11"
        },
        {
            "name": "nikic/fast-route",
            "version": "dev-master",
            "source": {
                "type": "git",
                "url": "https://github.com/nikic/FastRoute.git",
                "reference": "88ac2888aa29d888cf3f447899753a4a1e599759"
            },
            "dist": {
                "type": "zip",
                "url": "https://api.github.com/repos/nikic/FastRoute/zipball/88ac2888aa29d888cf3f447899753a4a1e599759",
                "reference": "88ac2888aa29d888cf3f447899753a4a1e599759",
                "shasum": ""
            },
            "require": {
                "php": ">=5.4.0"
            },
            "type": "library",
            "autoload": {
                "psr-4": {
                    "FastRoute\\": "src/"
                },
                "files": [
                    "src/functions.php"
                ]
            },
            "license": [
                "BSD-3-Clause"
            ],
            "authors": [
                {
                    "name": "Nikita Popov",
                    "email": "nikic@php.net"
                }
            ],
            "description": "Fast request router for PHP",
            "keywords": [
                "router",
                "routing"
            ],
            "support": {
                "source": "https://github.com/nikic/FastRoute/tree/master",
                "issues": "https://github.com/nikic/FastRoute/issues"
            },
            "time": "2014-09-30 16:53:49"
        },
        {
            "name": "nikic/php-parser",
            "version": "v0.9.3",
            "dist": {
                "type": "zip",
                "url": "http://satis.basereality.com/packages/nikic/php-parser/nikic_php-parser_v0.9.3.zip",
                "reference": "nikic_php-parser_v0.9.3.zip",
                "shasum": "2f0a2c838b87f484fd9f6800cdd8ff80a36937a7"
            },
            "require": {
                "php": ">=5.2"
            },
            "type": "library",
            "autoload": {
                "psr-0": {
                    "PHPParser": "lib/"
                }
            },
            "license": [
                "BSD-3-Clause"
            ],
            "authors": [
                {
                    "name": "Nikita Popov"
                }
            ],
            "description": "A PHP parser written in PHP",
            "keywords": [
                "parser",
                "php"
            ]
        },
        {
            "name": "oyejorge/less.php",
            "version": "v1.7.0.1",
            "dist": {
                "type": "zip",
                "url": "http://satis.basereality.com/packages/oyejorge/less.php/oyejorge_less.php_v1.7.0.1.zip",
                "reference": "oyejorge_less.php_v1.7.0.1.zip",
                "shasum": "4396c110c0bd37b197a54ec8031b93b4f5a9cacc"
            },
            "require": {
                "php": ">=5.2"
            },
            "bin": [
                "bin/lessc"
            ],
            "type": "library",
            "autoload": {
                "psr-0": {
                    "Less": "lib/"
                },
                "classmap": [
                    "lessc.inc.php"
                ]
            },
            "license": [
                "Apache-2.0"
            ],
            "authors": [
                {
                    "name": "Josh Schmidt",
                    "homepage": "https://github.com/oyejorge"
                },
                {
                    "name": "Matt Agar",
                    "homepage": "https://github.com/agar"
                },
                {
                    "name": "Martin Jantošovič",
                    "homepage": "https://github.com/Mordred"
                }
            ],
            "description": "PHP port of the Javascript version of LESS http://lesscss.org",
            "homepage": "http://lessphp.gpeasy.com",
            "keywords": [
                "css",
                "less",
                "less.js",
                "lesscss",
                "php",
                "stylesheet"
            ]
        },
        {
            "name": "predis/predis",
            "version": "1.0.0",
            "dist": {
                "type": "zip",
                "url": "http://satis.basereality.com/packages/nrk/predis/nrk_predis_v1.0.0.zip",
                "reference": null,
                "shasum": "d1b266f5cb8f8a8d120e2e958d8784d803756fa8"
            },
            "require": {
                "php": ">=5.3.2"
            },
            "require-dev": {
                "phpunit/phpunit": "~4.0"
            },
            "suggest": {
                "ext-curl": "Allows access to Webdis when paired with phpiredis",
                "ext-phpiredis": "Allows faster serialization and deserialization of the Redis protocol"
            },
            "type": "library",
            "extra": {
                "branch-alias": {
                    "dev-master": "1.0-dev"
                }
            },
            "autoload": {
                "psr-4": {
                    "Predis\\": "src/"
                }
            },
            "license": [
                "MIT"
            ],
            "authors": [
                {
                    "name": "Daniele Alessandri",
                    "email": "suppakilla@gmail.com",
                    "homepage": "http://clorophilla.net"
                }
            ],
            "description": "Flexible and feature-complete PHP client library for Redis",
            "homepage": "http://github.com/nrk/predis",
            "keywords": [
                "nosql",
                "predis",
                "redis"
            ],
            "support": {
                "issues": "https://github.com/nrk/predis/issues"
            }
        },
        {
            "name": "psr/log",
            "version": "dev-master",
            "source": {
                "type": "git",
                "url": "https://github.com/php-fig/log.git",
                "reference": "a78d6504ff5d4367497785ab2ade91db3a9fbe11"
            },
            "dist": {
                "type": "zip",
                "url": "https://api.github.com/repos/php-fig/log/zipball/a78d6504ff5d4367497785ab2ade91db3a9fbe11",
                "reference": "a78d6504ff5d4367497785ab2ade91db3a9fbe11",
                "shasum": ""
            },
            "type": "library",
            "extra": {
                "branch-alias": {
                    "dev-master": "1.0.x-dev"
                }
            },
            "autoload": {
                "psr-0": {
                    "Psr\\Log\\": ""
                }
            },
            "notification-url": "https://packagist.org/downloads/",
            "license": [
                "MIT"
            ],
            "authors": [
                {
                    "name": "PHP-FIG",
                    "homepage": "http://www.php-fig.org/"
                }
            ],
            "description": "Common interface for logging libraries",
            "keywords": [
                "log",
                "psr",
                "psr-3"
            ],
            "time": "2014-01-18 15:33:09"
        },
        {
            "name": "rdlowrey/nbsock",
            "version": "v0.4.4",
            "source": {
                "type": "git",
                "url": "https://github.com/rdlowrey/nbsock.git",
                "reference": "96e46fdf34b5b180bb9387d89cb69cb6910f24e5"
            },
            "dist": {
                "type": "zip",
                "url": "https://api.github.com/repos/rdlowrey/nbsock/zipball/96e46fdf34b5b180bb9387d89cb69cb6910f24e5",
                "reference": "96e46fdf34b5b180bb9387d89cb69cb6910f24e5",
                "shasum": ""
            },
            "require": {
                "amphp/amp": "~0.12",
                "amphp/dns": "~0.3",
                "php": ">=5.4.0"
            },
            "type": "library",
            "autoload": {
                "psr-4": {
                    "Nbsock\\": "lib/"
                },
                "files": [
                    "lib/functions.php"
                ]
            },
            "notification-url": "https://packagist.org/downloads/",
            "license": [
                "MIT"
            ],
            "authors": [
                {
                    "name": "Daniel Lowrey",
                    "email": "rdlowrey@gmail.com",
                    "role": "Creator / Lead Developer"
                }
            ],
            "description": "Non-blocking socket connection/encryption using the Amp concurrency framework",
            "homepage": "https://github.com/rdlowrey/nbsock",
            "keywords": [
                "amp",
                "async",
                "encryption",
                "non-blocking",
                "sockets",
                "tcp",
                "tls"
            ],
            "time": "2014-11-03 05:09:34"
        }
    ],
    "packages-dev": [

    ],
    "aliases": [

    ],
    "minimum-stability": "dev",
    "stability-flags": {
        "nikic/fast-route": 20
    },
    "prefer-stable": false,
    "platform": [

    ],
    "platform-dev": [

    ]
}
