{
    "_readme": [
        "This file locks the dependencies of your project to a known state",
        "Read more about it at http://getcomposer.org/doc/01-basic-usage.md#composer-lock-the-lock-file",
        "This file is @generated automatically"
    ],
    "hash": "73b42d734f26341753e8bcffaf044ddb",
    "packages": [
        {
            "name": "amphp/amp",
            "version": "v0.15.3",
            "source": {
                "type": "git",
                "url": "https://github.com/amphp/amp.git",
                "reference": "5a39ec6730c8af07f24a4dd153a5e0455323e254"
            },
            "dist": {
                "type": "zip",
                "url": "https://api.github.com/repos/amphp/amp/zipball/5a39ec6730c8af07f24a4dd153a5e0455323e254",
                "reference": "5a39ec6730c8af07f24a4dd153a5e0455323e254",
                "shasum": ""
            },
            "require": {
                "php": ">=5.4.0"
            },
            "suggest": {
                "pecl/libevent": "Extension for libevent backends (high performance use cases).",
                "php-uv": "Extension for libuv backends (high performance use cases)."
            },
            "type": "library",
            "extra": {
                "branch-alias": {
                    "dev-master": "1.0.x-dev"
                }
            },
            "autoload": {
                "psr-4": {
                    "Amp\\": "lib/"
                },
                "files": [
                    "lib/functions.php"
                ]
            },
            "notification-url": "https://packagist.org/downloads/",
            "license": [
                "MIT"
            ],
            "authors": [
                {
                    "name": "Daniel Lowrey",
                    "email": "rdlowrey@php.net",
                    "role": "Creator / Lead Developer"
                }
            ],
            "description": "A non-blocking concurrency framework for PHP applications",
            "homepage": "https://github.com/amphp/amp",
            "keywords": [
                "async",
                "concurrency",
                "future",
                "libevent",
                "libuv",
                "non-blocking",
                "promise"
            ],
            "time": "2015-01-22 01:16:07"
        },
        {
            "name": "amphp/artax",
            "version": "v1.0.0-rc6",
            "source": {
                "type": "git",
                "url": "https://github.com/amphp/artax.git",
                "reference": "3e4c07759064c39ca7a8f9c1b4c9742e9b5143fe"
            },
            "dist": {
                "type": "zip",
                "url": "https://api.github.com/repos/amphp/artax/zipball/3e4c07759064c39ca7a8f9c1b4c9742e9b5143fe",
                "reference": "3e4c07759064c39ca7a8f9c1b4c9742e9b5143fe",
                "shasum": ""
            },
            "require": {
                "amphp/amp": "~0.15.0",
                "php": ">=5.4.0",
                "rdlowrey/nbsock": "~0.5.0"
            },
            "type": "library",
            "extra": {
                "branch-alias": {
                    "dev-master": "1.0.x-dev"
                }
            },
            "autoload": {
                "psr-4": {
                    "Amp\\Artax\\": "lib/"
                }
            },
            "notification-url": "https://packagist.org/downloads/",
            "license": [
                "MIT"
            ],
            "authors": [
                {
                    "name": "Daniel Lowrey",
                    "email": "rdlowrey@gmail.com",
                    "role": "Creator / Lead Developer"
                }
            ],
            "description": "Asynchronous parallel HTTP/1.1 client built on the Amp concurrency framework",
            "homepage": "https://github.com/amphp/artax",
            "keywords": [
                "async",
                "client",
                "http",
                "non-blocking",
                "parallel",
                "rest"
            ],
            "time": "2015-01-05 19:28:04"
        },
        {
            "name": "amphp/dns",
            "version": "v0.4.1",
            "source": {
                "type": "git",
                "url": "https://github.com/amphp/dns.git",
                "reference": "46d1981ff5be827a8407c3f685635dc1926ea4e3"
            },
            "dist": {
                "type": "zip",
                "url": "https://api.github.com/repos/amphp/dns/zipball/46d1981ff5be827a8407c3f685635dc1926ea4e3",
                "reference": "46d1981ff5be827a8407c3f685635dc1926ea4e3",
                "shasum": ""
            },
            "require": {
                "amphp/amp": "~0.15.0",
                "daverandom/libdns": "~0.2",
                "php": ">=5.4.0"
            },
            "require-dev": {
                "mockery/mockery": ">=0.9.1",
                "phpunit/phpunit": "~4.1.0",
                "predis/predis": "~0.8.6",
                "rdlowrey/auryn": ">=0.13.0"
            },
            "type": "library",
            "autoload": {
                "psr-4": {
                    "Amp\\Dns\\": "lib"
                }
            },
            "notification-url": "https://packagist.org/downloads/",
            "license": [
                "MIT"
            ],
            "authors": [
                {
                    "name": "Chris Wright",
                    "email": "addr@daverandom.com",
                    "role": "Creator / Lead Developer"
                }
            ],
            "description": "Asynchronous DNS resolution built on the Amp concurrency framework",
            "homepage": "https://github.com/amphp/dns",
            "keywords": [
                "amp",
                "async",
                "client",
                "dns",
                "resolve"
            ],
            "time": "2015-02-17 20:34:12"
        },
        {
            "name": "danack/console",
            "version": "v2.6.1",
            "source": {
                "type": "git",
                "url": "https://github.com/Danack/Console.git",
                "reference": "0224aa0b158117fc696d5d8c5238662e09137028"
            },
            "dist": {
                "type": "zip",
                "url": "https://api.github.com/repos/Danack/Console/zipball/0224aa0b158117fc696d5d8c5238662e09137028",
                "reference": "0224aa0b158117fc696d5d8c5238662e09137028",
                "shasum": ""
            },
            "require": {
                "php": ">=5.3.3"
            },
            "require-dev": {
                "danack/auryn": "0.14.1",
                "phpunit/phpunit": "4.2.6",
                "psr/log": "~1.0",
                "symfony/process": "~2.1"
            },
            "type": "library",
            "extra": {
                "branch-alias": {
                    "dev-master": "2.6-dev"
                }
            },
            "autoload": {
                "psr-0": {
                    "Danack\\Console\\": "lib/"
                }
            },
            "notification-url": "https://packagist.org/downloads/",
            "license": [
                "MIT"
            ],
            "authors": [
                {
                    "name": "Symfony Community",
                    "homepage": "http://symfony.com/contributors"
                },
                {
                    "name": "Fabien Potencier",
                    "email": "fabien@symfony.com"
                },
                {
                    "name": "Danack",
                    "email": "Danack@basereality.com"
                }
            ],
            "description": "Refactored Symfony Console Component",
            "homepage": "http://console.basereality.com/",
            "keywords": [
                "cli",
                "console"
            ],
            "time": "2015-01-23 14:07:48"
        },
        {
            "name": "danack/danack-code",
            "version": "2.4.5",
            "source": {
                "type": "git",
                "url": "https://github.com/Danack/DanackCode.git",
                "reference": "d14f469e7042a6397214037c20ee92246b1c109a"
            },
            "dist": {
                "type": "zip",
                "url": "https://api.github.com/repos/Danack/DanackCode/zipball/d14f469e7042a6397214037c20ee92246b1c109a",
                "reference": "d14f469e7042a6397214037c20ee92246b1c109a",
                "shasum": ""
            },
            "require": {
                "php": ">=5.3.23"
            },
            "type": "library",
            "autoload": {
                "psr-0": {
                    "Danack\\Code\\": ""
                }
            },
            "notification-url": "https://packagist.org/downloads/",
            "license": [
                "BSD-3-Clause"
            ],
            "description": "provides facilities to generate arbitrary code using an object oriented interface",
            "keywords": [
                "code",
                "zf2"
            ],
            "time": "2014-09-15 22:26:39"
        },
        {
            "name": "danack/jig",
            "version": "0.16.1",
            "source": {
                "type": "git",
                "url": "https://github.com/Danack/Jig.git",
                "reference": "12a555ef2eaf0252f32b087f017207a6cdbde01b"
            },
            "dist": {
                "type": "zip",
                "url": "https://api.github.com/repos/Danack/Jig/zipball/12a555ef2eaf0252f32b087f017207a6cdbde01b",
                "reference": "12a555ef2eaf0252f32b087f017207a6cdbde01b",
                "shasum": ""
            },
            "require": {
                "nikic/php-parser": "^0.9.3"
            },
            "require-dev": {
                "mockery/mockery": "0.9.1",
                "nikic/fast-route": "~0.2.0",
                "phpunit/phpunit": "3.7.*",
                "rdlowrey/auryn": "v1.0.0-alpha",
                "squizlabs/php_codesniffer": "^2.0.0"
            },
            "type": "library",
            "autoload": {
                "psr-0": {
                    "Jig": "src/"
                }
            },
            "notification-url": "https://packagist.org/downloads/",
            "license": [
                "MIT"
            ],
            "authors": [
                {
                    "name": "Dan Ackroyd",
                    "email": "Danack@basereality.com",
                    "homepage": "http://www.basereality.com"
                }
            ],
            "description": "Lightweight, fast, flexible PHP templating system that uses real dependency injection.",
            "keywords": [
                "jig",
                "library",
                "template",
                "view"
            ],
            "time": "2015-08-18 21:12:17"
        },
        {
            "name": "danack/syntaxhighlighter",
            "version": "3.1.0",
            "source": {
                "type": "git",
                "url": "https://github.com/Danack/syntaxhighlighter.git",
                "reference": "d63e1cc45c33c1a59269c6aed925419f7c343826"
            },
            "dist": {
                "type": "zip",
                "url": "https://api.github.com/repos/Danack/syntaxhighlighter/zipball/d63e1cc45c33c1a59269c6aed925419f7c343826",
                "reference": "d63e1cc45c33c1a59269c6aed925419f7c343826",
                "shasum": ""
            },
            "require-dev": {
                "leafo/lessphp": "0.4.0",
                "leafo/scssphp": "0.1.1",
                "phpunit/phpunit": "4.1.3"
            },
            "type": "library",
            "notification-url": "https://packagist.org/downloads/",
            "description": "The syntaxhighlighter made less crazy..",
            "time": "2014-11-09 14:09:46"
        },
        {
            "name": "danack/tier",
            "version": "0.0.3",
            "source": {
                "type": "git",
                "url": "https://github.com/Danack/Tier.git",
                "reference": "ac6a7c002e31ebd0146690ea6bf511865e126db1"
            },
            "dist": {
                "type": "zip",
                "url": "https://api.github.com/repos/Danack/Tier/zipball/ac6a7c002e31ebd0146690ea6bf511865e126db1",
                "reference": "ac6a7c002e31ebd0146690ea6bf511865e126db1",
                "shasum": ""
            },
            "require": {
                "rdlowrey/auryn": "^1.0.2"
            },
            "require-dev": {
                "mockery/mockery": "0.9.1",
                "phpunit/phpunit": "3.7.*"
            },
            "type": "library",
            "autoload": {
                "psr-0": {
                    "Tier": "src/"
                }
            },
            "notification-url": "https://packagist.org/downloads/",
            "license": [
                "MIT"
            ],
            "authors": [
                {
                    "name": "Dan Ackroyd",
                    "email": "Danack@basereality.com",
                    "homepage": "http://www.basereality.com"
                }
            ],
            "description": "An example of how to implement an application using DI with tiers",
            "keywords": [
                "application",
                "auryn",
                "di",
                "example"
            ],
            "time": "2015-08-22 13:09:36"
        },
        {
            "name": "daverandom/libdns",
            "version": "v0.2.1",
            "source": {
                "type": "git",
                "url": "https://github.com/DaveRandom/LibDNS.git",
                "reference": "f94f92f3fa8b2776ff2593c87d93d87480efeb73"
            },
            "dist": {
                "type": "zip",
                "url": "https://api.github.com/repos/DaveRandom/LibDNS/zipball/f94f92f3fa8b2776ff2593c87d93d87480efeb73",
                "reference": "f94f92f3fa8b2776ff2593c87d93d87480efeb73",
                "shasum": ""
            },
            "require": {
                "php": ">=5.4.0"
            },
            "type": "library",
            "autoload": {
                "psr-0": {
                    "LibDNS": "src"
                }
            },
            "notification-url": "https://packagist.org/downloads/",
            "license": [
                "MIT"
            ],
            "description": "DNS protocol implementation written in pure PHP",
            "keywords": [
                "dns"
            ],
            "time": "2013-11-28 15:57:15"
        },
        {
            "name": "fluentdom/fluentdom",
            "version": "4.1.3",
            "source": {
                "type": "git",
                "url": "https://github.com/FluentDOM/FluentDOM.git",
                "reference": "7206dcf4dcdfb0b3566d6c0daf50188f436f1aaa"
            },
            "dist": {
                "type": "zip",
                "url": "https://api.github.com/repos/FluentDOM/FluentDOM/zipball/7206dcf4dcdfb0b3566d6c0daf50188f436f1aaa",
                "reference": "7206dcf4dcdfb0b3566d6c0daf50188f436f1aaa",
                "shasum": ""
            },
            "require": {
                "php": ">=5.2.0"
            },
            "type": "library",
            "autoload": {
                "files": [
                    "src/FluentDOM.php"
                ]
            },
            "notification-url": "https://packagist.org/downloads/",
            "license": [
                "MIT"
            ],
            "authors": [
                {
                    "name": "FluentDOM Contributors",
                    "homepage": "https://github.com/FluentDOM/FluentDOM/contributors"
                }
            ],
            "description": "A fluent api for the php dom extension.",
            "homepage": "http://fluentdom.org",
            "keywords": [
                "dom",
                "jquery",
                "xml"
            ],
            "time": "2014-05-30 10:19:52"
        },
        {
            "name": "intahwebz/configurator",
            "version": "0.2.6",
            "source": {
                "type": "git",
                "url": "https://github.com/Danack/Configurator.git",
                "reference": "0299fae800710ab0d2a70ee58bea5f8939625177"
            },
            "dist": {
                "type": "zip",
                "url": "https://api.github.com/repos/Danack/Configurator/zipball/0299fae800710ab0d2a70ee58bea5f8939625177",
                "reference": "0299fae800710ab0d2a70ee58bea5f8939625177",
                "shasum": ""
            },
            "require": {
                "danack/console": "^2.6.1",
                "rdlowrey/auryn": "^1.0.2"
            },
            "require-dev": {
                "mikey179/vfsstream": "^1.4.0",
                "phpunit/phpunit": "4.4.5"
            },
            "bin": [
                "bin/configurate",
                "bin/fpmconv"
            ],
            "type": "library",
            "autoload": {
                "psr-0": {
                    "Configurator": "src/"
                }
            },
            "notification-url": "https://packagist.org/downloads/",
            "license": [
                "MIT"
            ],
            "authors": [
                {
                    "name": "Dan Ackroyd",
                    "email": "Danack@basereality.com",
                    "homepage": "http://www.basereality.com"
                }
            ],
            "description": "Generates config files from PHP based config files and PHP and JSON data files.",
            "keywords": [
                "config",
                "php",
                "tool",
                "utf-8"
            ],
            "time": "2015-08-19 00:56:16"
        },
        {
            "name": "intahwebz/core",
            "version": "0.2.5",
            "source": {
                "type": "git",
                "url": "https://github.com/Danack/intahwebz-core.git",
                "reference": "89734bfeb1eb48a057e154d54da0e3214b7c8243"
            },
            "dist": {
                "type": "zip",
                "url": "https://api.github.com/repos/Danack/intahwebz-core/zipball/89734bfeb1eb48a057e154d54da0e3214b7c8243",
                "reference": "89734bfeb1eb48a057e154d54da0e3214b7c8243",
                "shasum": ""
            },
            "require": {
                "psr/log": "~1.0"
            },
            "type": "library",
            "autoload": {
                "psr-0": {
                    "Intahwebz": "src/"
                }
            },
            "notification-url": "https://packagist.org/downloads/",
            "license": [
                "MIT"
            ],
            "authors": [
                {
                    "name": "Dan Ackroyd",
                    "email": "Danack@basereality.com",
                    "homepage": "http://www.basereality.com",
                    "role": "Developer"
                }
            ],
            "description": "Core library that defines common interfaces used by the rest of the intahwebz..",
            "keywords": [
                "core",
                "intahwebz",
                "library"
            ],
            "time": "2014-06-08 21:02:03"
        },
        {
            "name": "intahwebz/mb_extra",
            "version": "1.0.0",
            "source": {
                "type": "git",
                "url": "https://github.com/Danack/mb_extra.git",
                "reference": "4a8d7792c8cc1f9bbfd4d90b717f6352e50fbf28"
            },
            "dist": {
                "type": "zip",
                "url": "https://api.github.com/repos/Danack/mb_extra/zipball/4a8d7792c8cc1f9bbfd4d90b717f6352e50fbf28",
                "reference": "4a8d7792c8cc1f9bbfd4d90b717f6352e50fbf28",
                "shasum": ""
            },
            "require-dev": {
                "phpunit/phpunit": "~3.7"
            },
            "type": "library",
            "autoload": {
                "psr-0": {
                    "Intahwebz": "src/"
                }
            },
            "notification-url": "https://packagist.org/downloads/",
            "license": [
                "MIT"
            ],
            "authors": [
                {
                    "name": "Dan Ackroyd",
                    "email": "Danack@basereality.com",
                    "homepage": "http://www.basereality.com",
                    "role": "Developer"
                }
            ],
            "description": "A collection of PHP multi-byte string functions that are not present in the mb_string extension.",
            "keywords": [
                "mb_string",
                "php",
                "utf-8",
                "utf8"
            ],
            "time": "2013-10-11 20:18:32"
        },
        {
            "name": "intahwebz/routing",
            "version": "0.9.6",
            "source": {
                "type": "git",
                "url": "https://github.com/Danack/intahwebz-routing.git",
                "reference": "fa125ddb0f0a982894fdba24c865202bdbdf5dc9"
            },
            "dist": {
                "type": "zip",
                "url": "https://api.github.com/repos/Danack/intahwebz-routing/zipball/fa125ddb0f0a982894fdba24c865202bdbdf5dc9",
                "reference": "fa125ddb0f0a982894fdba24c865202bdbdf5dc9",
                "shasum": ""
            },
            "require": {
                "intahwebz/core": ">=0.2.4",
                "intahwebz/mb_extra": "*"
            },
            "require-dev": {
                "intahwebz/jig": "dev-master",
                "phpunit/phpunit": "3.7.*",
                "rdlowrey/auryn": "dev-PluginExperiment2",
                "zendframework/zend-permissions-acl": ">=2.1.0"
            },
            "type": "library",
            "autoload": {
                "psr-0": {
                    "Intahwebz": "src/"
                }
            },
            "notification-url": "https://packagist.org/downloads/",
            "time": "2015-03-03 13:12:16"
        },
        {
            "name": "intahwebz/weaver",
            "version": "0.4.5",
            "source": {
                "type": "git",
                "url": "https://github.com/Danack/Weaver.git",
                "reference": "414894cd397daff22d2c71e4988784a1f71b702e"
            },
            "dist": {
                "type": "zip",
                "url": "https://api.github.com/repos/Danack/Weaver/zipball/414894cd397daff22d2c71e4988784a1f71b702e",
                "reference": "414894cd397daff22d2c71e4988784a1f71b702e",
                "shasum": ""
            },
            "require": {
                "danack/danack-code": "~2.4.2",
                "intahwebz/core": ">=0.2.4",
                "php": ">=5.4.0"
            },
            "require-dev": {
                "danack/auryn": "~0.14",
                "mikey179/vfsstream": "v1.2.0",
                "mockery/mockery": "0.9.1",
                "monolog/monolog": "1.4.0",
                "phpunit/phpunit": "4.1.3",
                "whatthejeff/nyancat-phpunit-resultprinter": "~1.2"
            },
            "type": "library",
            "autoload": {
                "psr-0": {
                    "Weaver": "src"
                }
            },
            "notification-url": "https://packagist.org/downloads/",
            "license": [
                "MIT"
            ],
            "authors": [
                {
                    "name": "Dan Ackroyd",
                    "email": "Danack@basereality.com",
                    "role": "Creator / Main Developer / Cake baker"
                }
            ],
            "description": "An experiment in compositional programming.",
            "homepage": "https://github.com/danack/Weaver",
            "keywords": [
                "aop",
                "code generation",
                "composition",
                "lazyloader",
                "weaving"
            ],
            "time": "2014-11-06 17:55:11"
        },
        {
            "name": "leafo/lessphp",
            "version": "v0.4.0",
            "source": {
                "type": "git",
                "url": "https://github.com/leafo/lessphp.git",
                "reference": "51f3f06f0fe78a722dabfd14578444bdd078d9de"
            },
            "dist": {
                "type": "zip",
                "url": "https://api.github.com/repos/leafo/lessphp/zipball/51f3f06f0fe78a722dabfd14578444bdd078d9de",
                "reference": "51f3f06f0fe78a722dabfd14578444bdd078d9de",
                "shasum": ""
            },
            "type": "library",
            "extra": {
                "branch-alias": {
                    "dev-master": "0.3-dev"
                }
            },
            "autoload": {
                "classmap": [
                    "lessc.inc.php"
                ]
            },
            "notification-url": "https://packagist.org/downloads/",
            "license": [
                "MIT",
                "GPL-3.0"
            ],
            "authors": [
                {
                    "name": "Leaf Corcoran",
                    "email": "leafot@gmail.com",
                    "homepage": "http://leafo.net"
                }
            ],
            "description": "lessphp is a compiler for LESS written in PHP.",
            "homepage": "http://leafo.net/lessphp/",
            "time": "2013-08-09 17:09:19"
        },
        {
            "name": "leafo/scssphp",
            "version": "v0.1.1",
            "source": {
                "type": "git",
                "url": "https://github.com/leafo/scssphp.git",
                "reference": "8c08da585537e97efd528c7d278463d2b9396371"
            },
            "dist": {
                "type": "zip",
                "url": "https://api.github.com/repos/leafo/scssphp/zipball/8c08da585537e97efd528c7d278463d2b9396371",
                "reference": "8c08da585537e97efd528c7d278463d2b9396371",
                "shasum": ""
            },
            "require": {
                "php": ">=5.3.0"
            },
            "require-dev": {
                "phpunit/phpunit": "3.7.*"
            },
            "bin": [
                "bin/pscss"
            ],
            "type": "library",
            "autoload": {
                "classmap": [
                    "classmap.php"
                ],
                "psr-4": {
                    "Leafo\\ScssPhp\\": "src/"
                }
            },
            "notification-url": "https://packagist.org/downloads/",
            "license": [
                "MIT",
                "GPL-3.0"
            ],
            "authors": [
                {
                    "name": "Leaf Corcoran",
                    "email": "leafot@gmail.com",
                    "homepage": "http://leafo.net"
                }
            ],
            "description": "scssphp is a compiler for SCSS written in PHP.",
            "homepage": "http://leafo.net/scssphp/",
            "keywords": [
                "css",
                "less",
                "sass",
                "scss",
                "stylesheet"
            ],
            "time": "2014-08-12 22:41:53"
        },
        {
            "name": "mikey179/vfsStream",
            "version": "v1.4.0",
            "source": {
                "type": "git",
                "url": "https://github.com/mikey179/vfsStream.git",
                "reference": "61b12172292cf539685507aa65b076c1530e83c1"
            },
            "dist": {
                "type": "zip",
                "url": "https://api.github.com/repos/mikey179/vfsStream/zipball/61b12172292cf539685507aa65b076c1530e83c1",
                "reference": "61b12172292cf539685507aa65b076c1530e83c1",
                "shasum": ""
            },
            "require": {
                "php": ">=5.3.0"
            },
            "require-dev": {
                "phpunit/phpunit": "~4.2"
            },
            "type": "library",
            "extra": {
                "branch-alias": {
                    "dev-master": "1.4.x-dev"
                }
            },
            "autoload": {
                "psr-0": {
                    "org\\bovigo\\vfs\\": "src/main/php"
                }
            },
            "notification-url": "https://packagist.org/downloads/",
            "license": [
                "BSD"
            ],
            "homepage": "http://vfs.bovigo.org/",
            "time": "2014-09-14 10:18:53"
        },
        {
            "name": "nikic/fast-route",
            "version": "v0.3.0",
            "source": {
                "type": "git",
                "url": "https://github.com/nikic/FastRoute.git",
                "reference": "57a2aec2d597f166c4139e44953bc42b7eaf9e54"
            },
            "dist": {
                "type": "zip",
                "url": "https://api.github.com/repos/nikic/FastRoute/zipball/57a2aec2d597f166c4139e44953bc42b7eaf9e54",
                "reference": "57a2aec2d597f166c4139e44953bc42b7eaf9e54",
                "shasum": ""
            },
            "require": {
                "php": ">=5.4.0"
            },
            "type": "library",
            "autoload": {
                "psr-4": {
                    "FastRoute\\": "src/"
                },
                "files": [
                    "src/functions.php"
                ]
            },
            "license": [
                "BSD-3-Clause"
            ],
            "authors": [
                {
                    "name": "Nikita Popov",
                    "email": "nikic@php.net"
                }
            ],
            "description": "Fast request router for PHP",
            "keywords": [
                "router",
                "routing"
            ],
            "support": {
                "source": "https://github.com/nikic/FastRoute/tree/v0.3.0",
                "issues": "https://github.com/nikic/FastRoute/issues"
            },
            "time": "2014-11-26 18:36:25"
        },
        {
            "name": "nikic/php-parser",
            "version": "v0.9.5",
            "source": {
                "type": "git",
                "url": "https://github.com/nikic/PHP-Parser.git",
                "reference": "ef70767475434bdb3615b43c327e2cae17ef12eb"
            },
            "dist": {
                "type": "zip",
                "url": "https://api.github.com/repos/nikic/PHP-Parser/zipball/ef70767475434bdb3615b43c327e2cae17ef12eb",
                "reference": "ef70767475434bdb3615b43c327e2cae17ef12eb",
                "shasum": ""
            },
            "require": {
                "ext-tokenizer": "*",
                "php": ">=5.2"
            },
            "type": "library",
            "extra": {
                "branch-alias": {
                    "dev-master": "0.9-dev"
                }
            },
            "autoload": {
                "psr-0": {
                    "PHPParser": "lib/"
                }
            },
            "notification-url": "https://packagist.org/downloads/",
            "license": [
                "BSD-3-Clause"
            ],
            "authors": [
                {
                    "name": "Nikita Popov"
                }
            ],
            "description": "A PHP parser written in PHP",
            "keywords": [
                "parser",
                "php"
            ],
            "time": "2014-07-23 18:24:17"
        },
        {
            "name": "oyejorge/less.php",
            "version": "v1.7.0.5",
            "source": {
                "type": "git",
                "url": "https://github.com/oyejorge/less.php.git",
                "reference": "4385036b1dbfaf37f5380bd26a1e6006fc43149f"
            },
            "dist": {
                "type": "zip",
                "url": "https://api.github.com/repos/oyejorge/less.php/zipball/4385036b1dbfaf37f5380bd26a1e6006fc43149f",
                "reference": "4385036b1dbfaf37f5380bd26a1e6006fc43149f",
                "shasum": ""
            },
            "require": {
                "php": ">=5.3"
            },
            "bin": [
                "bin/lessc"
            ],
            "type": "library",
            "autoload": {
                "psr-0": {
                    "Less": "lib/"
                },
                "classmap": [
                    "lessc.inc.php"
                ]
            },
            "notification-url": "https://packagist.org/downloads/",
            "license": [
                "Apache-2.0"
            ],
            "authors": [
                {
                    "name": "Matt Agar",
                    "homepage": "https://github.com/agar"
                },
                {
                    "name": "Martin Jantošovič",
                    "homepage": "https://github.com/Mordred"
                },
                {
                    "name": "Josh Schmidt",
                    "homepage": "https://github.com/oyejorge"
                }
            ],
            "description": "PHP port of the Javascript version of LESS http://lesscss.org",
            "homepage": "http://lessphp.gpeasy.com",
            "keywords": [
                "css",
                "less",
                "less.js",
                "lesscss",
                "php",
                "stylesheet"
            ],
            "time": "2015-07-13 20:34:18"
        },
        {
            "name": "predis/predis",
            "version": "v1.0.3",
            "source": {
                "type": "git",
                "url": "https://github.com/nrk/predis.git",
                "reference": "84060b9034d756b4d79641667d7f9efe1aeb8e04"
            },
            "dist": {
                "type": "zip",
                "url": "https://api.github.com/repos/nrk/predis/zipball/84060b9034d756b4d79641667d7f9efe1aeb8e04",
                "reference": "84060b9034d756b4d79641667d7f9efe1aeb8e04",
                "shasum": ""
            },
            "require": {
                "php": ">=5.3.2"
            },
            "require-dev": {
                "phpunit/phpunit": "~4.0"
            },
            "suggest": {
                "ext-curl": "Allows access to Webdis when paired with phpiredis",
                "ext-phpiredis": "Allows faster serialization and deserialization of the Redis protocol"
            },
            "type": "library",
            "autoload": {
                "psr-4": {
                    "Predis\\": "src/"
                }
            },
            "license": [
                "MIT"
            ],
            "authors": [
                {
                    "name": "Daniele Alessandri",
                    "email": "suppakilla@gmail.com",
                    "homepage": "http://clorophilla.net"
                }
            ],
            "description": "Flexible and feature-complete PHP client library for Redis",
            "homepage": "http://github.com/nrk/predis",
            "keywords": [
                "nosql",
                "predis",
                "redis"
            ],
            "support": {
                "issues": "https://github.com/nrk/predis/issues",
                "source": "https://github.com/nrk/predis/tree/v1.0.3"
            },
            "time": "2015-07-30 18:34:15"
        },
        {
            "name": "psr/log",
            "version": "1.0.0",
            "source": {
                "type": "git",
                "url": "https://github.com/php-fig/log.git",
                "reference": "fe0936ee26643249e916849d48e3a51d5f5e278b"
            },
            "dist": {
                "type": "zip",
                "url": "https://api.github.com/repos/php-fig/log/zipball/fe0936ee26643249e916849d48e3a51d5f5e278b",
                "reference": "fe0936ee26643249e916849d48e3a51d5f5e278b",
                "shasum": ""
            },
            "type": "library",
            "autoload": {
                "psr-0": {
                    "Psr\\Log\\": ""
                }
            },
            "notification-url": "https://packagist.org/downloads/",
            "license": [
                "MIT"
            ],
            "authors": [
                {
                    "name": "PHP-FIG",
                    "homepage": "http://www.php-fig.org/"
                }
            ],
            "description": "Common interface for logging libraries",
            "keywords": [
                "log",
                "psr",
                "psr-3"
            ],
            "time": "2012-12-21 11:40:51"
        },
        {
            "name": "rdlowrey/auryn",
            "version": "v1.0.2",
            "source": {
                "type": "git",
                "url": "https://github.com/rdlowrey/auryn.git",
                "reference": "70744560af9fea36f5c7f930b8cadc4586ff1944"
            },
            "dist": {
                "type": "zip",
                "url": "https://api.github.com/repos/rdlowrey/auryn/zipball/70744560af9fea36f5c7f930b8cadc4586ff1944",
                "reference": "70744560af9fea36f5c7f930b8cadc4586ff1944",
                "shasum": ""
            },
            "require": {
                "php": ">=5.3.0"
            },
            "require-dev": {
                "athletic/athletic": "~0.1",
                "fabpot/php-cs-fixer": "~1.9",
                "phpunit/phpunit": "^4.7"
            },
            "type": "library",
            "autoload": {
                "psr-4": {
                    "Auryn\\": "lib/"
                }
            },
            "notification-url": "https://packagist.org/downloads/",
            "license": [
                "MIT"
            ],
            "authors": [
                {
                    "name": "Dan Ackroyd",
                    "email": "Danack@basereality.com",
                    "homepage": "http://www.basereality.com",
                    "role": "Developer"
                },
                {
                    "name": "Levi Morrison",
                    "email": "levim@php.net",
                    "homepage": "http://morrisonlevi.github.com/",
                    "role": "Developer"
                },
                {
                    "name": "Daniel Lowrey",
                    "email": "rdlowrey@gmail.com",
                    "homepage": "https://github.com/rdlowrey",
                    "role": "Creator / Main Developer"
                }
            ],
            "description": "Auryn is a dependency injector for bootstrapping object-oriented PHP applications.",
            "homepage": "https://github.com/rdlowrey/auryn",
            "keywords": [
                "dependency injection",
                "dic",
                "ioc"
            ],
            "time": "2015-08-12 02:24:20"
        },
        {
            "name": "rdlowrey/nbsock",
            "version": "v0.5.0",
            "source": {
                "type": "git",
                "url": "https://github.com/rdlowrey/nbsock.git",
                "reference": "ac6e021f32e7960a17530cdf16cb98c932497695"
            },
            "dist": {
                "type": "zip",
                "url": "https://api.github.com/repos/rdlowrey/nbsock/zipball/ac6e021f32e7960a17530cdf16cb98c932497695",
                "reference": "ac6e021f32e7960a17530cdf16cb98c932497695",
                "shasum": ""
            },
            "require": {
                "amphp/amp": "~0.15.0",
                "amphp/dns": "~0.4.0",
                "php": ">=5.4.0"
            },
            "type": "library",
            "autoload": {
                "psr-4": {
                    "Nbsock\\": "lib/"
                },
                "files": [
                    "lib/functions.php"
                ]
            },
            "notification-url": "https://packagist.org/downloads/",
            "license": [
                "MIT"
            ],
            "authors": [
                {
                    "name": "Daniel Lowrey",
                    "email": "rdlowrey@gmail.com",
                    "role": "Creator / Lead Developer"
                }
            ],
            "description": "Non-blocking socket connection/encryption using the Amp concurrency framework",
            "homepage": "https://github.com/rdlowrey/nbsock",
            "keywords": [
                "amp",
                "async",
                "encryption",
                "non-blocking",
                "sockets",
                "tcp",
                "tls"
            ],
            "time": "2014-12-08 17:19:17"
        },
        {
            "name": "room11/caching",
            "version": "0.0.2",
            "source": {
                "type": "git",
                "url": "http://www.github.com/danack/caching",
                "reference": "7e3ff080ecb1b3b4c2177c095ea8c568ae4ef066"
            },
            "require-dev": {
                "phpunit/phpunit": "^4.8.5",
                "rdlowrey/auryn": "^1.0.2",
                "squizlabs/php_codesniffer": "^2.0.0"
            },
            "type": "library",
            "autoload": {
                "psr-0": {
                    "Room11\\Caching": "src/"
                }
            },
            "notification-url": "https://packagist.org/downloads/",
            "license": [
                "MIT"
            ],
            "authors": [
                {
                    "name": "Dan Ackroyd",
                    "email": "Danack@basereality.com",
                    "homepage": "http://www.basereality.com"
                }
            ],
            "description": "A set of interfaces and standard implementations to allow sweet sweet interoperability.",
            "keywords": [
                "caching",
                "http",
                "interface",
                "room11"
            ],
            "time": "2015-08-22 14:15:25"
        },
        {
            "name": "room11/http",
            "version": "0.0.3",
            "source": {
                "type": "git",
                "url": "https://github.com/Danack/HTTP.git",
                "reference": "d5084bdc536e72d1bfd6662f8d3bd806b335c7f6"
            },
            "dist": {
                "type": "zip",
                "url": "https://api.github.com/repos/Danack/HTTP/zipball/d5084bdc536e72d1bfd6662f8d3bd806b335c7f6",
                "reference": "d5084bdc536e72d1bfd6662f8d3bd806b335c7f6",
                "shasum": ""
            },
            "require-dev": {
                "phpunit/phpunit": "^4.8.5",
                "rdlowrey/auryn": "^1.0.2",
                "squizlabs/php_codesniffer": "^2.0.0"
            },
            "type": "library",
            "autoload": {
                "psr-0": {
                    "Room11\\HTTP": "src/"
                }
            },
            "notification-url": "https://packagist.org/downloads/",
            "license": [
                "MIT"
            ],
            "authors": [
                {
                    "name": "Dan Ackroyd",
                    "email": "Danack@basereality.com",
                    "homepage": "http://www.basereality.com"
                }
            ],
            "description": "A set of interfaces and standard implementations to allow sweet sweet interoperability.",
            "keywords": [
                "http",
                "interface",
                "room11"
            ],
            "time": "2015-08-22 14:15:09"
        }
    ],
    "packages-dev": [
        {
            "name": "squizlabs/php_codesniffer",
            "version": "2.3.3",
            "source": {
                "type": "git",
                "url": "https://github.com/squizlabs/PHP_CodeSniffer.git",
                "reference": "c1a26c729508f73560c1a4f767f60b8ab6b4a666"
            },
            "dist": {
                "type": "zip",
                "url": "https://api.github.com/repos/squizlabs/PHP_CodeSniffer/zipball/c1a26c729508f73560c1a4f767f60b8ab6b4a666",
                "reference": "c1a26c729508f73560c1a4f767f60b8ab6b4a666",
                "shasum": ""
            },
            "require": {
                "ext-tokenizer": "*",
                "ext-xmlwriter": "*",
                "php": ">=5.1.2"
            },
            "bin": [
                "scripts/phpcs",
                "scripts/phpcbf"
            ],
            "type": "library",
            "extra": {
                "branch-alias": {
                    "dev-master": "2.0.x-dev"
                }
            },
            "autoload": {
                "classmap": [
                    "CodeSniffer.php",
                    "CodeSniffer/CLI.php",
                    "CodeSniffer/Exception.php",
                    "CodeSniffer/File.php",
                    "CodeSniffer/Fixer.php",
                    "CodeSniffer/Report.php",
                    "CodeSniffer/Reporting.php",
                    "CodeSniffer/Sniff.php",
                    "CodeSniffer/Tokens.php",
                    "CodeSniffer/Reports/",
                    "CodeSniffer/Tokenizers/",
                    "CodeSniffer/DocGenerators/",
                    "CodeSniffer/Standards/AbstractPatternSniff.php",
                    "CodeSniffer/Standards/AbstractScopeSniff.php",
                    "CodeSniffer/Standards/AbstractVariableSniff.php",
                    "CodeSniffer/Standards/IncorrectPatternException.php",
                    "CodeSniffer/Standards/Generic/Sniffs/",
                    "CodeSniffer/Standards/MySource/Sniffs/",
                    "CodeSniffer/Standards/PEAR/Sniffs/",
                    "CodeSniffer/Standards/PSR1/Sniffs/",
                    "CodeSniffer/Standards/PSR2/Sniffs/",
                    "CodeSniffer/Standards/Squiz/Sniffs/",
                    "CodeSniffer/Standards/Zend/Sniffs/"
                ]
            },
            "notification-url": "https://packagist.org/downloads/",
            "license": [
                "BSD-3-Clause"
            ],
            "authors": [
                {
                    "name": "Greg Sherwood",
                    "role": "lead"
                }
            ],
            "description": "PHP_CodeSniffer tokenizes PHP, JavaScript and CSS files and detects violations of a defined set of coding standards.",
            "homepage": "http://www.squizlabs.com/php-codesniffer",
            "keywords": [
                "phpcs",
                "standards"
            ],
            "time": "2015-06-24 03:16:23"
        }
    ],
    "aliases": [
        {
            "alias": "0.2.8",
            "alias_normalized": "0.2.8.0",
            "version": "0.3.0.0",
            "package": "nikic/fast-route"
        }
    ],
    "minimum-stability": "stable",
    "stability-flags": {
        "amphp/artax": 5
    },
    "prefer-stable": true,
    "prefer-lowest": false,
    "platform": [],
    "platform-dev": []
}
