{
    "_readme": [
        "This file locks the dependencies of your project to a known state",
        "Read more about it at http://getcomposer.org/doc/01-basic-usage.md#composer-lock-the-lock-file"
    ],
    "hash": "be7fa4ab416cb5b3e2dc062552445769",
    "packages": [
        {
            "name": "danack/danack-code",
            "version": "2.3.2",
            "dist": {
                "type": "zip",
                "url": "http://satis.basereality.com/packages/Danack/DanackCode/Danack_DanackCode_2.3.2.zip",
                "reference": "Danack_DanackCode_2.3.2.zip",
                "shasum": "43df745ef46c5c3bc050cf3262d243393bd48f2e"
            },
            "require": {
                "php": ">=5.3.23",
                "zendframework/zend-eventmanager": "~2.3"
            },
            "type": "library",
            "autoload": {
                "psr-0": {
                    "Danack\\Code\\": ""
                }
            },
            "license": [
                "BSD-3-Clause"
            ],
            "description": "provides facilities to generate arbitrary code using an object oriented interface",
            "keywords": [
                "code",
                "zf2"
            ]
        },
        {
            "name": "fluentdom/fluentdom",
            "version": "5.0.0-RC1",
            "dist": {
                "type": "zip",
                "url": "http://satis.basereality.com/packages/FluentDOM/FluentDOM/FluentDOM_FluentDOM_5.0.0-RC1.zip",
                "reference": "FluentDOM_FluentDOM_5.0.0-RC1.zip",
                "shasum": "8ddd6cc976c982fb544232ac7c10795c83420688"
            },
            "require": {
                "php": ">=5.4.0"
            },
            "suggest": {
                "carica/phpcss": "Allows to use css selectors with FluentDOM::QueryCss()."
            },
            "type": "library",
            "autoload": {
                "files": [
                    "src/FluentDOM.php"
                ],
                "psr-4": {
                    "FluentDOM\\": "src/FluentDOM"
                }
            },
            "license": [
                "MIT"
            ],
            "authors": [
                {
                    "name": "FluentDOM Contributors",
                    "homepage": "https://github.com/FluentDOM/FluentDOM/contributors"
                }
            ],
            "description": "A fluent api for the php dom extension.",
            "homepage": "http://fluentdom.org",
            "keywords": [
                "dom",
                "jquery",
                "xml"
            ]
        },
        {
            "name": "intahwebz/configurator",
            "version": "0.1.1",
            "dist": {
                "type": "zip",
                "url": "http://satis.basereality.com/packages/Danack/Configurator/Danack_Configurator_0.1.1.zip",
                "reference": "Danack_Configurator_0.1.1.zip",
                "shasum": "5ffc6adf6ff3356af79677320a2e153a4a9f2b37"
            },
            "type": "library",
            "autoload": {
                "psr-0": {
                    "Intahwebz\\Configurator": "src/"
                }
            },
            "license": [
                "MIT"
            ],
            "authors": [
                {
                    "name": "Dan Ackroyd",
                    "email": "Danack@basereality.com",
                    "homepage": "http://www.basereality.com"
                }
            ],
            "description": "Generates config files from PHP based templates and PHP style config files..",
            "keywords": [
                "UTF-8",
                "config",
                "php",
                "tool"
            ]
        },
        {
            "name": "intahwebz/core",
            "version": "0.2.1",
            "dist": {
                "type": "zip",
                "url": "http://satis.basereality.com/packages/Danack/intahwebz-core/Danack_intahwebz-core_0.2.1.zip",
                "reference": "Danack_intahwebz-core_0.2.1.zip",
                "shasum": "24af5476e4c00aa1ec7ba3686627751013c7b288"
            },
            "require": {
                "psr/log": "~1.0"
            },
            "type": "library",
            "autoload": {
                "psr-0": {
                    "Intahwebz": "src/"
                }
            },
            "license": [
                "MIT"
            ],
            "authors": [
                {
                    "name": "Dan Ackroyd",
                    "email": "Danack@basereality.com",
                    "homepage": "http://www.basereality.com"
                }
            ],
            "description": "Core library that defines common interfaces used by the rest of the intahwebz..",
            "keywords": [
                "core",
                "intahwebz",
                "library"
            ]
        },
        {
            "name": "intahwebz/jig",
            "version": "0.9.0",
            "dist": {
                "type": "zip",
                "url": "http://satis.basereality.com/packages/Danack/Jig/Danack_Jig_0.9.0.zip",
                "reference": "Danack_Jig_0.9.0.zip",
                "shasum": "cca7f451c7d00dfe21c31a281aa27f8e10368d8d"
            },
            "require": {
                "intahwebz/core": "*",
                "intahwebz/mb_extra": "1.0.0",
                "nikic/php-parser": "v0.9.3",
                "psr/log": "~1.0",
                "rdlowrey/auryn": "dev-PluginExperiment2"
            },
            "require-dev": {
                "intahwebz/form": "0.5.1",
                "intahwebz/routing": "~0.9",
                "phpunit/phpunit": "3.7.*"
            },
            "type": "library",
            "autoload": {
                "psr-0": {
                    "Intahwebz": "src/",
                    "Intahwebz\\PHPCompiledTemplate": "src/Intahwebz/Jig/Tests/generatedTemplates/"
                }
            },
            "license": [
                "MIT"
            ],
            "authors": [
                {
                    "name": "Dan Ackroyd",
                    "email": "Danack@basereality.com",
                    "homepage": "http://www.basereality.com"
                }
            ],
            "description": "Lightweight, fast, flexible PHP templating system. Just like all the others.",
            "keywords": [
                "core",
                "intahwebz",
                "library"
            ]
        },
        {
            "name": "intahwebz/mb_extra",
            "version": "1.0.0",
            "dist": {
                "type": "zip",
                "url": "http://satis.basereality.com/packages/Danack/mb_extra/Danack_mb_extra_1.0.0.zip",
                "reference": "Danack_mb_extra_1.0.0.zip",
                "shasum": "898507cb876aee73a9b39d76df0e55979cb35510"
            },
            "require-dev": {
                "phpunit/phpunit": "~3.7"
            },
            "type": "library",
            "autoload": {
                "psr-0": {
                    "Intahwebz": "src/"
                }
            },
            "license": [
                "MIT"
            ],
            "authors": [
                {
                    "name": "Dan Ackroyd",
                    "email": "Danack@basereality.com",
                    "homepage": "http://www.basereality.com"
                }
            ],
            "description": "A collection of PHP multi-byte string functions that are not present in the mb_string extension.",
            "keywords": [
                "UTF-8",
                "mb_string",
                "php",
                "utf8"
            ]
        },
        {
            "name": "intahwebz/routing",
            "version": "0.9.1",
            "dist": {
                "type": "zip",
                "url": "http://satis.basereality.com/packages/Danack/intahwebz-routing/Danack_intahwebz-routing_0.9.1.zip",
                "reference": "Danack_intahwebz-routing_0.9.1.zip",
                "shasum": "d56c207b209b82eb5d20ff5b80f80e13641ac7f8"
            },
            "require": {
                "intahwebz/core": "*",
                "intahwebz/mb_extra": "*"
            },
            "require-dev": {
                "intahwebz/jig": "dev-master",
                "phpunit/phpunit": "3.7.*",
                "rdlowrey/auryn": "dev-PluginExperiment2",
                "zendframework/zend-permissions-acl": ">=2.1.0"
            },
            "type": "library",
            "autoload": {
                "psr-0": {
                    "Intahwebz\\PHPCompiledTemplate": "var/src/",
                    "Intahwebz\\Routing": "src/"
                }
            }
        },
        {
            "name": "intahwebz/weaver",
            "version": "0.2.1",
            "dist": {
                "type": "zip",
                "url": "http://satis.basereality.com/packages/Danack/Weaver/Danack_Weaver_0.2.1.zip",
                "reference": "Danack_Weaver_0.2.1.zip",
                "shasum": "313fb036f218a9350512225be4fec6decc5894f1"
            },
            "require": {
                "danack/danack-code": "2.3.2",
                "intahwebz/core": ">=0.1.2",
                "php": ">=5.4.0"
            },
            "require-dev": {
                "monolog/monolog": "1.4.0",
                "phpunit/phpunit": "3.7.*",
                "rdlowrey/auryn": "dev-DanackMaster",
                "whatthejeff/nyancat-phpunit-resultprinter": "~1.2"
            },
            "type": "library",
            "autoload": {
                "psr-0": {
                    "Weaver": "src"
                }
            },
            "license": [
                "MIT"
            ],
            "authors": [
                {
                    "name": "Dan Ackroyd",
                    "email": "Danack@basereality.com",
                    "role": "Creator / Main Developer / Cake baker"
                }
            ],
            "description": "An experiment in compositional programming.",
            "homepage": "https://github.com/danack/Weaver",
            "keywords": [
                "AOP",
                "idonteven",
                "weaving",
                "wtf"
            ]
        },
        {
            "name": "nikic/fast-route",
            "version": "dev-master",
            "source": {
                "type": "git",
                "url": "https://github.com/nikic/FastRoute.git",
                "reference": "7dc9a43cb856debc22fe158a1144018e16f7a637"
            },
            "dist": {
                "type": "zip",
                "url": "https://api.github.com/repos/nikic/FastRoute/zipball/7dc9a43cb856debc22fe158a1144018e16f7a637",
                "reference": "7dc9a43cb856debc22fe158a1144018e16f7a637",
                "shasum": ""
            },
            "require": {
                "php": ">=5.4.0"
            },
            "type": "library",
            "autoload": {
                "psr-4": {
                    "FastRoute\\": "src/"
                },
                "files": [
                    "src/functions.php"
                ]
            },
            "license": [
                "BSD-3-Clause"
            ],
            "authors": [
                {
                    "name": "Nikita Popov",
                    "email": "nikic@php.net"
                }
            ],
            "description": "Fast request router for PHP",
            "keywords": [
                "router",
                "routing"
            ],
            "support": {
                "source": "https://github.com/nikic/FastRoute/tree/master",
                "issues": "https://github.com/nikic/FastRoute/issues"
            },
            "time": "2014-05-17 11:33:04"
        },
        {
            "name": "nikic/php-parser",
            "version": "v0.9.3",
            "dist": {
                "type": "zip",
                "url": "http://satis.basereality.com/packages/nikic/php-parser/nikic_php-parser_v0.9.3.zip",
                "reference": "nikic_php-parser_v0.9.3.zip",
                "shasum": "2f0a2c838b87f484fd9f6800cdd8ff80a36937a7"
            },
            "require": {
                "php": ">=5.2"
            },
            "type": "library",
            "autoload": {
                "psr-0": {
                    "PHPParser": "lib/"
                }
            },
            "license": [
                "BSD-3-Clause"
            ],
            "authors": [
                {
                    "name": "Nikita Popov"
                }
            ],
            "description": "A PHP parser written in PHP",
            "keywords": [
                "parser",
                "php"
            ]
        },
        {
            "name": "oyejorge/less.php",
            "version": "v1.7.0.1",
            "dist": {
                "type": "zip",
                "url": "http://satis.basereality.com/packages/oyejorge/less.php/oyejorge_less.php_v1.7.0.1.zip",
                "reference": "oyejorge_less.php_v1.7.0.1.zip",
                "shasum": "4396c110c0bd37b197a54ec8031b93b4f5a9cacc"
            },
            "require": {
                "php": ">=5.2"
            },
            "bin": [
                "bin/lessc"
            ],
            "type": "library",
            "autoload": {
                "psr-0": {
                    "Less": "lib/"
                },
                "classmap": [
                    "lessc.inc.php"
                ]
            },
            "license": [
                "Apache-2.0"
            ],
            "authors": [
                {
                    "name": "Josh Schmidt",
                    "homepage": "https://github.com/oyejorge"
                },
                {
                    "name": "Matt Agar",
                    "homepage": "https://github.com/agar"
                },
                {
                    "name": "Martin Jantošovič",
                    "homepage": "https://github.com/Mordred"
                }
            ],
            "description": "PHP port of the Javascript version of LESS http://lesscss.org",
            "homepage": "http://lessphp.gpeasy.com",
            "keywords": [
                "css",
                "less",
                "less.js",
                "lesscss",
                "php",
                "stylesheet"
            ]
        },
        {
            "name": "psr/log",
            "version": "1.0.0",
            "dist": {
                "type": "zip",
                "url": "http://satis.basereality.com/packages/php-fig/log/php-fig_log_1.0.0.zip",
                "reference": "php-fig_log_1.0.0.zip",
                "shasum": "e006b9f97750ce8a7e2111b3f7a57547c1fd1c8c"
            },
            "type": "library",
            "autoload": {
                "psr-0": {
                    "Psr\\Log\\": ""
                }
            },
            "license": [
                "MIT"
            ],
            "authors": [
                {
                    "name": "PHP-FIG",
                    "homepage": "http://www.php-fig.org/"
                }
            ],
            "description": "Common interface for logging libraries",
            "keywords": [
                "log",
                "psr",
                "psr-3"
            ]
        },
        {
            "name": "rdlowrey/auryn",
            "version": "dev-v1.0.0-pluginWithParamDelegation",
            "source": {
                "type": "git",
                "url": "https://github.com/Danack/Auryn.git",
                "reference": "eacf9eac33be7880bb0c4296d5f4e70c139fd870"
            },
            "dist": {
                "type": "zip",
                "url": "https://api.github.com/repos/Danack/Auryn/zipball/eacf9eac33be7880bb0c4296d5f4e70c139fd870",
                "reference": "eacf9eac33be7880bb0c4296d5f4e70c139fd870",
                "shasum": ""
            },
            "require": {
                "php": ">=5.3.0"
            },
            "require-dev": {
                "phpunit/phpunit": "4.0.*"
            },
            "type": "library",
            "autoload": {
                "psr-4": {
                    "Auryn\\": "lib/"
                }
            },
            "license": [
                "MIT"
            ],
            "authors": [
                {
                    "name": "Daniel Lowrey",
                    "email": "rdlowrey@gmail.com",
                    "role": "Creator / Main Developer"
                },
                {
                    "name": "Levi Morrison",
                    "email": "levim@php.net",
                    "homepage": "http://morrisonlevi.github.com/",
                    "role": "Developer"
                },
                {
                    "name": "Dan Ackroyd",
                    "email": "Danack@basereality.com",
                    "homepage": "http://www.basereality.com",
                    "role": "Developer"
                }
            ],
            "description": "Auryn is a dependency injector for bootstrapping object-oriented PHP applications.",
            "homepage": "https://github.com/rdlowrey/Auryn",
            "keywords": [
                "dependency injection",
                "dic",
                "ioc"
            ],
            "support": {
                "source": "https://github.com/Danack/Auryn/tree/v1.0.0-pluginWithParamDelegation",
                "issues": "https://github.com/Danack/Auryn/issues"
            },
            "time": "2014-05-22 14:16:37"
        },
        {
            "name": "zendframework/zend-code",
            "version": "2.0.3",
            "target-dir": "Zend/Code",
            "dist": {
                "type": "zip",
                "url": "http://satis.basereality.com/packages/zendframework/Component_ZendCode/zendframework_Component_ZendCode_2.0.3.zip",
                "reference": "zendframework_Component_ZendCode_2.0.3.zip",
                "shasum": "03bc5d56c9263fe9f660ae3ebfa9f385622c0adb"
            },
            "require": {
                "php": ">=5.3.3"
            },
            "require-dev": {
                "doctrine/common": ">=2.1"
            },
            "suggest": {
                "doctrine/common": "Doctrine\\Common >=2.1 for annotation features"
            },
            "type": "library",
            "autoload": {
                "psr-0": {
                    "Zend\\Code\\": ""
                }
            },
            "license": [
                "BSD-3-Clause"
            ],
            "description": "provides facilities to generate arbitrary code using an object oriented interface",
            "keywords": [
                "code",
                "zf2"
            ]
        },
        {
            "name": "zendframework/zend-eventmanager",
            "version": "2.3.0",
            "target-dir": "Zend/EventManager",
            "dist": {
                "type": "zip",
                "url": "http://satis.basereality.com/packages/zendframework/Component_ZendEventManager/zendframework_Component_ZendEventManager_2.3.0.zip",
                "reference": "zendframework_Component_ZendEventManager_2.3.0.zip",
                "shasum": "19683eab8f6622d013f7d97ea8e308b97f663847"
            },
            "require": {
                "php": ">=5.3.23",
                "zendframework/zend-stdlib": "self.version"
            },
            "type": "library",
            "extra": {
                "branch-alias": {
                    "dev-master": "2.2-dev",
                    "dev-develop": "2.3-dev"
                }
            },
            "autoload": {
                "psr-0": {
                    "Zend\\EventManager\\": ""
                }
            },
            "license": [
                "BSD-3-Clause"
            ],
            "description": " ",
            "keywords": [
                "eventmanager",
                "zf2"
            ]
        },
        {
            "name": "zendframework/zend-stdlib",
            "version": "2.3.0",
            "target-dir": "Zend/Stdlib",
            "dist": {
                "type": "zip",
                "url": "http://satis.basereality.com/packages/zendframework/Component_ZendStdlib/zendframework_Component_ZendStdlib_2.3.0.zip",
                "reference": "zendframework_Component_ZendStdlib_2.3.0.zip",
                "shasum": "c61a659a0fa2afcbf915e1e6ea22017c2ee9b81d"
            },
            "require": {
                "php": ">=5.3.23"
            },
            "require-dev": {
                "zendframework/zend-eventmanager": "self.version",
                "zendframework/zend-serializer": "self.version",
                "zendframework/zend-servicemanager": "self.version"
            },
            "suggest": {
                "zendframework/zend-eventmanager": "To support aggregate hydrator usage",
                "zendframework/zend-serializer": "Zend\\Serializer component",
                "zendframework/zend-servicemanager": "To support hydrator plugin manager usage"
            },
            "type": "library",
            "extra": {
                "branch-alias": {
                    "dev-master": "2.2-dev",
                    "dev-develop": "2.3-dev"
                }
            },
            "autoload": {
                "psr-0": {
                    "Zend\\Stdlib\\": ""
                }
            },
            "license": [
                "BSD-3-Clause"
            ],
            "description": " ",
            "keywords": [
                "stdlib",
                "zf2"
            ]
        }
    ],
    "packages-dev": [
        {
            "name": "rdlowrey/alert",
            "version": "v0.1.2",
            "dist": {
                "type": "zip",
                "url": "http://satis.basereality.com/packages/rdlowrey/Alert/rdlowrey_Alert_v0.1.2.zip",
                "reference": "rdlowrey_Alert_v0.1.2.zip",
                "shasum": "66c314496be58626331f5bd6cfe9b9feeb4125e9"
            },
            "require": {
                "php": ">=5.4.0"
            },
            "type": "library",
            "autoload": {
                "psr-0": {
                    "Alert": "src"
                }
            },
            "license": [
                "MIT"
            ],
            "authors": [
                {
                    "name": "Daniel Lowrey",
                    "email": "rdlowrey@gmail.com",
                    "role": "Creator / Lead Developer"
                }
            ],
            "description": "Event loops for event-driven/async PHP",
            "homepage": "https://github.com/rdlowrey/alert",
            "keywords": [
                "async",
                "events",
                "libevent",
                "non-blocking"
            ]
        },
        {
            "name": "rdlowrey/artax",
            "version": "v0.7.0",
            "dist": {
                "type": "zip",
                "url": "http://satis.basereality.com/packages/rdlowrey/Artax/rdlowrey_Artax_v0.7.0.zip",
                "reference": "rdlowrey_Artax_v0.7.0.zip",
                "shasum": "35a1211171e7587196eca4a7067ef1d03a89460f"
            },
            "require": {
                "php": ">=5.4.0",
                "rdlowrey/alert": "~0.1.2"
            },
            "type": "library",
            "autoload": {
                "psr-0": {
                    "": "src/"
                }
            },
            "license": [
                "MIT"
            ],
            "authors": [
                {
                    "name": "Daniel Lowrey",
                    "email": "rdlowrey@gmail.com",
                    "role": "Creator / Lead Developer"
                }
            ],
            "description": "An object-oriented HTTP/1.1 client with no cURL dependency",
            "homepage": "https://github.com/rdlowrey/Artax",
            "keywords": [
                "async",
                "client",
                "http",
                "parallel",
                "rest"
            ]
        }
    ],
    "aliases": [
        {
            "alias": "dev-PluginExperiment2",
            "alias_normalized": "dev-PluginExperiment2",
            "version": "dev-v1.0.0-pluginWithParamDelegation",
            "package": "rdlowrey/auryn"
        }
    ],
    "minimum-stability": "dev",
    "stability-flags": {
        "nikic/fast-route": 20,
        "rdlowrey/auryn": 20
    },
    "platform": [

    ],
    "platform-dev": [

    ]
}
